
Microsoft Visual Studio Solution File, Format Version 12.00
# Visual Studio 15
VisualStudioVersion = 15.0.27924.0
MinimumVisualStudioVersion = 10.0.40219.1
Project("{FAE04EC0-301F-11D3-BF4B-00C04F79EFBC}") = "Stock.Api", "src\Stock.Api\Stock.Api.csproj", "{FE6F0BE9-FD31-41B9-BE0A-5497849C0E8D}"
EndProject
Global
	GlobalSection(SolutionConfigurationPlatforms) = preSolution
		Debug|Any CPU = Debug|Any CPU
		Release|Any CPU = Release|Any CPU
	EndGlobalSection
	GlobalSection(ProjectConfigurationPlatforms) = postSolution
		{FE6F0BE9-FD31-41B9-BE0A-5497849C0E8D}.Debug|Any CPU.ActiveCfg = Debug|Any CPU
		{FE6F0BE9-FD31-41B9-BE0A-5497849C0E8D}.Debug|Any CPU.Build.0 = Debug|Any CPU
		{FE6F0BE9-FD31-41B9-BE0A-5497849C0E8D}.Release|Any CPU.ActiveCfg = Release|Any CPU
		{FE6F0BE9-FD31-41B9-BE0A-5497849C0E8D}.Release|Any CPU.Build.0 = Release|Any CPU
	EndGlobalSection
	GlobalSection(SolutionProperties) = preSolution
		HideSolutionNode = FALSE
	EndGlobalSection
	GlobalSection(ExtensibilityGlobals) = postSolution
		SolutionGuid = {73E81A27-0275-4FD5-A759-4AC66E865C2E}
	EndGlobalSection
EndGlobal
