
Microsoft Visual Studio Solution File, Format Version 12.00
# Visual Studio 15
VisualStudioVersion = 15.0.28016.0
MinimumVisualStudioVersion = 10.0.40219.1
Project("{FAE04EC0-301F-11D3-BF4B-00C04F79EFBC}") = "Stock.Api", "src\Stock.Api\Stock.Api.csproj", "{18B1F71A-DA9C-4B5D-B8F8-1235DE5298A8}"
EndProject
Global
	GlobalSection(SolutionConfigurationPlatforms) = preSolution
		Debug|Any CPU = Debug|Any CPU
		Release|Any CPU = Release|Any CPU
	EndGlobalSection
	GlobalSection(ProjectConfigurationPlatforms) = postSolution
		{18B1F71A-DA9C-4B5D-B8F8-1235DE5298A8}.Debug|Any CPU.ActiveCfg = Debug|Any CPU
		{18B1F71A-DA9C-4B5D-B8F8-1235DE5298A8}.Debug|Any CPU.Build.0 = Debug|Any CPU
		{18B1F71A-DA9C-4B5D-B8F8-1235DE5298A8}.Release|Any CPU.ActiveCfg = Release|Any CPU
		{18B1F71A-DA9C-4B5D-B8F8-1235DE5298A8}.Release|Any CPU.Build.0 = Release|Any CPU
	EndGlobalSection
	GlobalSection(SolutionProperties) = preSolution
		HideSolutionNode = FALSE
	EndGlobalSection
	GlobalSection(ExtensibilityGlobals) = postSolution
		SolutionGuid = {891449FF-505E-4F14-A470-10D63B6B23B1}
	EndGlobalSection
EndGlobal
